// !$*UTF8*$!
{
	archiveVersion = 1;
	classes = {
	};
	objectVersion = 46;
	objects = {

/* Begin PBXBuildFile section */
		85BE90E61F331A97000D89B9 /* main.m in Sources */ = {isa = PBXBuildFile; fileRef = 85BE90E51F331A97000D89B9 /* main.m */; };
		85BE90E91F331A97000D89B9 /* AppDelegate.m in Sources */ = {isa = PBXBuildFile; fileRef = 85BE90E81F331A97000D89B9 /* AppDelegate.m */; };
		85BE90EC1F331A97000D89B9 /* ViewController.m in Sources */ = {isa = PBXBuildFile; fileRef = 85BE90EB1F331A97000D89B9 /* ViewController.m */; };
		85BE90EF1F331A97000D89B9 /* Main.storyboard in Resources */ = {isa = PBXBuildFile; fileRef = 85BE90ED1F331A97000D89B9 /* Main.storyboard */; };
		85BE90F11F331A97000D89B9 /* Assets.xcassets in Resources */ = {isa = PBXBuildFile; fileRef = 85BE90F01F331A97000D89B9 /* Assets.xcassets */; };
		85BE90F41F331A97000D89B9 /* LaunchScreen.storyboard in Resources */ = {isa = PBXBuildFile; fileRef = 85BE90F21F331A97000D89B9 /* LaunchScreen.storyboard */; };
		85BE90FF1F331A97000D89B9 /* yuYongToolTests.m in Sources */ = {isa = PBXBuildFile; fileRef = 85BE90FE1F331A97000D89B9 /* yuYongToolTests.m */; };
		85BE910A1F331A97000D89B9 /* yuYongToolUITests.m in Sources */ = {isa = PBXBuildFile; fileRef = 85BE91091F331A97000D89B9 /* yuYongToolUITests.m */; };
		85BE91361F331AA9000D89B9 /* JFAssetHelper.m in Sources */ = {isa = PBXBuildFile; fileRef = 85BE911A1F331AA9000D89B9 /* JFAssetHelper.m */; };
		85BE91371F331AA9000D89B9 /* JFImageCollectionViewController.m in Sources */ = {isa = PBXBuildFile; fileRef = 85BE911C1F331AA9000D89B9 /* JFImageCollectionViewController.m */; };
		85BE91381F331AA9000D89B9 /* JFImageGroupTableViewController.m in Sources */ = {isa = PBXBuildFile; fileRef = 85BE911E1F331AA9000D89B9 /* JFImageGroupTableViewController.m */; };
		85BE91391F331AA9000D89B9 /* JFImageManager.m in Sources */ = {isa = PBXBuildFile; fileRef = 85BE91201F331AA9000D89B9 /* JFImageManager.m */; };
		85BE913A1F331AA9000D89B9 /* JFImagePickerController.m in Sources */ = {isa = PBXBuildFile; fileRef = 85BE91221F331AA9000D89B9 /* JFImagePickerController.m */; };
		85BE913B1F331AA9000D89B9 /* JFImagePickerViewCell.m in Sources */ = {isa = PBXBuildFile; fileRef = 85BE91241F331AA9000D89B9 /* JFImagePickerViewCell.m */; };
		85BE913C1F331AA9000D89B9 /* JFPhotoBrowserViewController.m in Sources */ = {isa = PBXBuildFile; fileRef = 85BE91261F331AA9000D89B9 /* JFPhotoBrowserViewController.m */; };
		85BE913D1F331AA9000D89B9 /* JFPhotoView.m in Sources */ = {isa = PBXBuildFile; fileRef = 85BE91281F331AA9000D89B9 /* JFPhotoView.m */; };
		85BE913E1F331AA9000D89B9 /* PhotoSelectViewController.m in Sources */ = {isa = PBXBuildFile; fileRef = 85BE912A1F331AA9000D89B9 /* PhotoSelectViewController.m */; };
		85BE913F1F331AA9000D89B9 /* WSImageBroserCell.m in Sources */ = {isa = PBXBuildFile; fileRef = 85BE912D1F331AA9000D89B9 /* WSImageBroserCell.m */; };
		85BE91401F331AA9000D89B9 /* WSImageBroswerVC.m in Sources */ = {isa = PBXBuildFile; fileRef = 85BE912F1F331AA9000D89B9 /* WSImageBroswerVC.m */; };
		85BE91411F331AA9000D89B9 /* WSImageModel.m in Sources */ = {isa = PBXBuildFile; fileRef = 85BE91311F331AA9000D89B9 /* WSImageModel.m */; };
		85BE91421F331AA9000D89B9 /* WSPhotosBroseVC.m in Sources */ = {isa = PBXBuildFile; fileRef = 85BE91331F331AA9000D89B9 /* WSPhotosBroseVC.m */; };
		85BE91431F331AA9000D89B9 /* WSImagePickerView.m in Sources */ = {isa = PBXBuildFile; fileRef = 85BE91351F331AA9000D89B9 /* WSImagePickerView.m */; };
		85BE916F1F3321F4000D89B9 /* WWViewController.m in Sources */ = {isa = PBXBuildFile; fileRef = 85BE916E1F3321F4000D89B9 /* WWViewController.m */; };
		85BE91AA1F344927000D89B9 /* IQKeyboardManager.bundle in Resources */ = {isa = PBXBuildFile; fileRef = 85BE91941F344927000D89B9 /* IQKeyboardManager.bundle */; };
		85BE91AB1F344927000D89B9 /* IQKeyboardManager.m in Sources */ = {isa = PBXBuildFile; fileRef = 85BE91961F344927000D89B9 /* IQKeyboardManager.m */; };
		85BE91AC1F344927000D89B9 /* IQSegmentedNextPrevious.m in Sources */ = {isa = PBXBuildFile; fileRef = 85BE919A1F344927000D89B9 /* IQSegmentedNextPrevious.m */; };
		85BE91AD1F344927000D89B9 /* IQTextView.m in Sources */ = {isa = PBXBuildFile; fileRef = 85BE919C1F344927000D89B9 /* IQTextView.m */; };
		85BE91AE1F344927000D89B9 /* IQTitleBarButtonItem.m in Sources */ = {isa = PBXBuildFile; fileRef = 85BE919E1F344927000D89B9 /* IQTitleBarButtonItem.m */; };
		85BE91AF1F344927000D89B9 /* IQToolbar.m in Sources */ = {isa = PBXBuildFile; fileRef = 85BE91A01F344927000D89B9 /* IQToolbar.m */; };
		85BE91B01F344927000D89B9 /* NSArray+Sort.m in Sources */ = {isa = PBXBuildFile; fileRef = 85BE91A31F344927000D89B9 /* NSArray+Sort.m */; };
		85BE91B11F344927000D89B9 /* UIView+Hierarchy.m in Sources */ = {isa = PBXBuildFile; fileRef = 85BE91A51F344927000D89B9 /* UIView+Hierarchy.m */; };
		85BE91B21F344927000D89B9 /* UIView+IQKeyboardToolbar.m in Sources */ = {isa = PBXBuildFile; fileRef = 85BE91A71F344927000D89B9 /* UIView+IQKeyboardToolbar.m */; };
		85BE91B31F344927000D89B9 /* UIWindow+Hierarchy.m in Sources */ = {isa = PBXBuildFile; fileRef = 85BE91A91F344927000D89B9 /* UIWindow+Hierarchy.m */; };
		85BE91CC1F344953000D89B9 /* NSData+ImageContentType.m in Sources */ = {isa = PBXBuildFile; fileRef = 85BE91B61F344953000D89B9 /* NSData+ImageContentType.m */; };
		85BE91CD1F344953000D89B9 /* SDImageCache.m in Sources */ = {isa = PBXBuildFile; fileRef = 85BE91B81F344953000D89B9 /* SDImageCache.m */; };
		85BE91CE1F344953000D89B9 /* SDWebImageCompat.m in Sources */ = {isa = PBXBuildFile; fileRef = 85BE91BA1F344953000D89B9 /* SDWebImageCompat.m */; };
		85BE91CF1F344953000D89B9 /* SDWebImageDecoder.m in Sources */ = {isa = PBXBuildFile; fileRef = 85BE91BC1F344953000D89B9 /* SDWebImageDecoder.m */; };
		85BE91D01F344953000D89B9 /* SDWebImageDownloader.m in Sources */ = {isa = PBXBuildFile; fileRef = 85BE91BE1F344953000D89B9 /* SDWebImageDownloader.m */; };
		85BE91D11F344953000D89B9 /* SDWebImageDownloaderOperation.m in Sources */ = {isa = PBXBuildFile; fileRef = 85BE91C01F344953000D89B9 /* SDWebImageDownloaderOperation.m */; };
		85BE91D21F344953000D89B9 /* SDWebImageManager.m in Sources */ = {isa = PBXBuildFile; fileRef = 85BE91C21F344953000D89B9 /* SDWebImageManager.m */; };
		85BE91D31F344953000D89B9 /* UIImage+GIF.m in Sources */ = {isa = PBXBuildFile; fileRef = 85BE91C51F344953000D89B9 /* UIImage+GIF.m */; };
		85BE91D41F344953000D89B9 /* UIImage+MultiFormat.m in Sources */ = {isa = PBXBuildFile; fileRef = 85BE91C71F344953000D89B9 /* UIImage+MultiFormat.m */; };
		85BE91D51F344953000D89B9 /* UIImageView+WebCache.m in Sources */ = {isa = PBXBuildFile; fileRef = 85BE91C91F344953000D89B9 /* UIImageView+WebCache.m */; };
		85BE91D61F344953000D89B9 /* UIView+WebCacheOperation.m in Sources */ = {isa = PBXBuildFile; fileRef = 85BE91CB1F344953000D89B9 /* UIView+WebCacheOperation.m */; };
		85BE91D91F344984000D89B9 /* UIImageView+WebCache.m in Sources */ = {isa = PBXBuildFile; fileRef = 85BE91D81F344984000D89B9 /* UIImageView+WebCache.m */; };
		85EDDF331F3AA21B00943068 /* TestController.m in Sources */ = {isa = PBXBuildFile; fileRef = 85EDDF311F3AA21B00943068 /* TestController.m */; };
		85EDDF341F3AA21B00943068 /* TestController.xib in Resources */ = {isa = PBXBuildFile; fileRef = 85EDDF321F3AA21B00943068 /* TestController.xib */; };
/* End PBXBuildFile section */

/* Begin PBXContainerItemProxy section */
		85BE90FB1F331A97000D89B9 /* PBXContainerItemProxy */ = {
			isa = PBXContainerItemProxy;
			containerPortal = 85BE90D91F331A97000D89B9 /* Project object */;
			proxyType = 1;
			remoteGlobalIDString = 85BE90E01F331A97000D89B9;
			remoteInfo = yuYongTool;
		};
		85BE91061F331A97000D89B9 /* PBXContainerItemProxy */ = {
			isa = PBXContainerItemProxy;
			containerPortal = 85BE90D91F331A97000D89B9 /* Project object */;
			proxyType = 1;
			remoteGlobalIDString = 85BE90E01F331A97000D89B9;
			remoteInfo = yuYongTool;
		};
/* End PBXContainerItemProxy section */

/* Begin PBXFileReference section */
		85BE90E11F331A97000D89B9 /* yuYongTool.app */ = {isa = PBXFileReference; explicitFileType = wrapper.application; includeInIndex = 0; path = yuYongTool.app; sourceTree = BUILT_PRODUCTS_DIR; };
		85BE90E51F331A97000D89B9 /* main.m */ = {isa = PBXFileReference; lastKnownFileType = sourcecode.c.objc; path = main.m; sourceTree = "<group>"; };
		85BE90E71F331A97000D89B9 /* AppDelegate.h */ = {isa = PBXFileReference; lastKnownFileType = sourcecode.c.h; path = AppDelegate.h; sourceTree = "<group>"; };
		85BE90E81F331A97000D89B9 /* AppDelegate.m */ = {isa = PBXFileReference; lastKnownFileType = sourcecode.c.objc; path = AppDelegate.m; sourceTree = "<group>"; };
		85BE90EA1F331A97000D89B9 /* ViewController.h */ = {isa = PBXFileReference; lastKnownFileType = sourcecode.c.h; path = ViewController.h; sourceTree = "<group>"; };
		85BE90EB1F331A97000D89B9 /* ViewController.m */ = {isa = PBXFileReference; lastKnownFileType = sourcecode.c.objc; path = ViewController.m; sourceTree = "<group>"; };
		85BE90EE1F331A97000D89B9 /* Base */ = {isa = PBXFileReference; lastKnownFileType = file.storyboard; name = Base; path = Base.lproj/Main.storyboard; sourceTree = "<group>"; };
		85BE90F01F331A97000D89B9 /* Assets.xcassets */ = {isa = PBXFileReference; lastKnownFileType = folder.assetcatalog; path = Assets.xcassets; sourceTree = "<group>"; };
		85BE90F31F331A97000D89B9 /* Base */ = {isa = PBXFileReference; lastKnownFileType = file.storyboard; name = Base; path = Base.lproj/LaunchScreen.storyboard; sourceTree = "<group>"; };
		85BE90F51F331A97000D89B9 /* Info.plist */ = {isa = PBXFileReference; lastKnownFileType = text.plist.xml; path = Info.plist; sourceTree = "<group>"; };
		85BE90FA1F331A97000D89B9 /* yuYongToolTests.xctest */ = {isa = PBXFileReference; explicitFileType = wrapper.cfbundle; includeInIndex = 0; path = yuYongToolTests.xctest; sourceTree = BUILT_PRODUCTS_DIR; };
		85BE90FE1F331A97000D89B9 /* yuYongToolTests.m */ = {isa = PBXFileReference; lastKnownFileType = sourcecode.c.objc; path = yuYongToolTests.m; sourceTree = "<group>"; };
		85BE91001F331A97000D89B9 /* Info.plist */ = {isa = PBXFileReference; lastKnownFileType = text.plist.xml; path = Info.plist; sourceTree = "<group>"; };
		85BE91051F331A97000D89B9 /* yuYongToolUITests.xctest */ = {isa = PBXFileReference; explicitFileType = wrapper.cfbundle; includeInIndex = 0; path = yuYongToolUITests.xctest; sourceTree = BUILT_PRODUCTS_DIR; };
		85BE91091F331A97000D89B9 /* yuYongToolUITests.m */ = {isa = PBXFileReference; lastKnownFileType = sourcecode.c.objc; path = yuYongToolUITests.m; sourceTree = "<group>"; };
		85BE910B1F331A97000D89B9 /* Info.plist */ = {isa = PBXFileReference; lastKnownFileType = text.plist.xml; path = Info.plist; sourceTree = "<group>"; };
		85BE91191F331AA9000D89B9 /* JFAssetHelper.h */ = {isa = PBXFileReference; fileEncoding = 4; lastKnownFileType = sourcecode.c.h; path = JFAssetHelper.h; sourceTree = "<group>"; };
		85BE911A1F331AA9000D89B9 /* JFAssetHelper.m */ = {isa = PBXFileReference; fileEncoding = 4; lastKnownFileType = sourcecode.c.objc; path = JFAssetHelper.m; sourceTree = "<group>"; };
		85BE911B1F331AA9000D89B9 /* JFImageCollectionViewController.h */ = {isa = PBXFileReference; fileEncoding = 4; lastKnownFileType = sourcecode.c.h; path = JFImageCollectionViewController.h; sourceTree = "<group>"; };
		85BE911C1F331AA9000D89B9 /* JFImageCollectionViewController.m */ = {isa = PBXFileReference; fileEncoding = 4; lastKnownFileType = sourcecode.c.objc; path = JFImageCollectionViewController.m; sourceTree = "<group>"; };
		85BE911D1F331AA9000D89B9 /* JFImageGroupTableViewController.h */ = {isa = PBXFileReference; fileEncoding = 4; lastKnownFileType = sourcecode.c.h; path = JFImageGroupTableViewController.h; sourceTree = "<group>"; };
		85BE911E1F331AA9000D89B9 /* JFImageGroupTableViewController.m */ = {isa = PBXFileReference; fileEncoding = 4; lastKnownFileType = sourcecode.c.objc; path = JFImageGroupTableViewController.m; sourceTree = "<group>"; };
		85BE911F1F331AA9000D89B9 /* JFImageManager.h */ = {isa = PBXFileReference; fileEncoding = 4; lastKnownFileType = sourcecode.c.h; path = JFImageManager.h; sourceTree = "<group>"; };
		85BE91201F331AA9000D89B9 /* JFImageManager.m */ = {isa = PBXFileReference; fileEncoding = 4; lastKnownFileType = sourcecode.c.objc; path = JFImageManager.m; sourceTree = "<group>"; };
		85BE91211F331AA9000D89B9 /* JFImagePickerController.h */ = {isa = PBXFileReference; fileEncoding = 4; lastKnownFileType = sourcecode.c.h; path = JFImagePickerController.h; sourceTree = "<group>"; };
		85BE91221F331AA9000D89B9 /* JFImagePickerController.m */ = {isa = PBXFileReference; fileEncoding = 4; lastKnownFileType = sourcecode.c.objc; path = JFImagePickerController.m; sourceTree = "<group>"; };
		85BE91231F331AA9000D89B9 /* JFImagePickerViewCell.h */ = {isa = PBXFileReference; fileEncoding = 4; lastKnownFileType = sourcecode.c.h; path = JFImagePickerViewCell.h; sourceTree = "<group>"; };
		85BE91241F331AA9000D89B9 /* JFImagePickerViewCell.m */ = {isa = PBXFileReference; fileEncoding = 4; lastKnownFileType = sourcecode.c.objc; path = JFImagePickerViewCell.m; sourceTree = "<group>"; };
		85BE91251F331AA9000D89B9 /* JFPhotoBrowserViewController.h */ = {isa = PBXFileReference; fileEncoding = 4; lastKnownFileType = sourcecode.c.h; path = JFPhotoBrowserViewController.h; sourceTree = "<group>"; };
		85BE91261F331AA9000D89B9 /* JFPhotoBrowserViewController.m */ = {isa = PBXFileReference; fileEncoding = 4; lastKnownFileType = sourcecode.c.objc; path = JFPhotoBrowserViewController.m; sourceTree = "<group>"; };
		85BE91271F331AA9000D89B9 /* JFPhotoView.h */ = {isa = PBXFileReference; fileEncoding = 4; lastKnownFileType = sourcecode.c.h; path = JFPhotoView.h; sourceTree = "<group>"; };
		85BE91281F331AA9000D89B9 /* JFPhotoView.m */ = {isa = PBXFileReference; fileEncoding = 4; lastKnownFileType = sourcecode.c.objc; path = JFPhotoView.m; sourceTree = "<group>"; };
		85BE91291F331AA9000D89B9 /* PhotoSelectViewController.h */ = {isa = PBXFileReference; fileEncoding = 4; lastKnownFileType = sourcecode.c.h; path = PhotoSelectViewController.h; sourceTree = "<group>"; };
		85BE912A1F331AA9000D89B9 /* PhotoSelectViewController.m */ = {isa = PBXFileReference; fileEncoding = 4; lastKnownFileType = sourcecode.c.objc; path = PhotoSelectViewController.m; sourceTree = "<group>"; };
		85BE912C1F331AA9000D89B9 /* WSImageBroserCell.h */ = {isa = PBXFileReference; fileEncoding = 4; lastKnownFileType = sourcecode.c.h; path = WSImageBroserCell.h; sourceTree = "<group>"; };
		85BE912D1F331AA9000D89B9 /* WSImageBroserCell.m */ = {isa = PBXFileReference; fileEncoding = 4; lastKnownFileType = sourcecode.c.objc; path = WSImageBroserCell.m; sourceTree = "<group>"; };
		85BE912E1F331AA9000D89B9 /* WSImageBroswerVC.h */ = {isa = PBXFileReference; fileEncoding = 4; lastKnownFileType = sourcecode.c.h; path = WSImageBroswerVC.h; sourceTree = "<group>"; };
		85BE912F1F331AA9000D89B9 /* WSImageBroswerVC.m */ = {isa = PBXFileReference; fileEncoding = 4; lastKnownFileType = sourcecode.c.objc; path = WSImageBroswerVC.m; sourceTree = "<group>"; };
		85BE91301F331AA9000D89B9 /* WSImageModel.h */ = {isa = PBXFileReference; fileEncoding = 4; lastKnownFileType = sourcecode.c.h; path = WSImageModel.h; sourceTree = "<group>"; };
		85BE91311F331AA9000D89B9 /* WSImageModel.m */ = {isa = PBXFileReference; fileEncoding = 4; lastKnownFileType = sourcecode.c.objc; path = WSImageModel.m; sourceTree = "<group>"; };
		85BE91321F331AA9000D89B9 /* WSPhotosBroseVC.h */ = {isa = PBXFileReference; fileEncoding = 4; lastKnownFileType = sourcecode.c.h; path = WSPhotosBroseVC.h; sourceTree = "<group>"; };
		85BE91331F331AA9000D89B9 /* WSPhotosBroseVC.m */ = {isa = PBXFileReference; fileEncoding = 4; lastKnownFileType = sourcecode.c.objc; path = WSPhotosBroseVC.m; sourceTree = "<group>"; };
		85BE91341F331AA9000D89B9 /* WSImagePickerView.h */ = {isa = PBXFileReference; fileEncoding = 4; lastKnownFileType = sourcecode.c.h; path = WSImagePickerView.h; sourceTree = "<group>"; };
		85BE91351F331AA9000D89B9 /* WSImagePickerView.m */ = {isa = PBXFileReference; fileEncoding = 4; lastKnownFileType = sourcecode.c.objc; path = WSImagePickerView.m; sourceTree = "<group>"; };
		85BE916D1F3321F4000D89B9 /* WWViewController.h */ = {isa = PBXFileReference; fileEncoding = 4; lastKnownFileType = sourcecode.c.h; path = WWViewController.h; sourceTree = "<group>"; };
		85BE916E1F3321F4000D89B9 /* WWViewController.m */ = {isa = PBXFileReference; fileEncoding = 4; lastKnownFileType = sourcecode.c.objc; path = WWViewController.m; sourceTree = "<group>"; };
		85BE91941F344927000D89B9 /* IQKeyboardManager.bundle */ = {isa = PBXFileReference; lastKnownFileType = "wrapper.plug-in"; path = IQKeyboardManager.bundle; sourceTree = "<group>"; };
		85BE91951F344927000D89B9 /* IQKeyboardManager.h */ = {isa = PBXFileReference; fileEncoding = 4; lastKnownFileType = sourcecode.c.h; path = IQKeyboardManager.h; sourceTree = "<group>"; };
		85BE91961F344927000D89B9 /* IQKeyboardManager.m */ = {isa = PBXFileReference; fileEncoding = 4; lastKnownFileType = sourcecode.c.objc; path = IQKeyboardManager.m; sourceTree = "<group>"; };
		85BE91971F344927000D89B9 /* IQKeyboardManagerConstants.h */ = {isa = PBXFileReference; fileEncoding = 4; lastKnownFileType = sourcecode.c.h; path = IQKeyboardManagerConstants.h; sourceTree = "<group>"; };
		85BE91981F344927000D89B9 /* IQKeyboardManagerConstantsInternal.h */ = {isa = PBXFileReference; fileEncoding = 4; lastKnownFileType = sourcecode.c.h; path = IQKeyboardManagerConstantsInternal.h; sourceTree = "<group>"; };
		85BE91991F344927000D89B9 /* IQSegmentedNextPrevious.h */ = {isa = PBXFileReference; fileEncoding = 4; lastKnownFileType = sourcecode.c.h; path = IQSegmentedNextPrevious.h; sourceTree = "<group>"; };
		85BE919A1F344927000D89B9 /* IQSegmentedNextPrevious.m */ = {isa = PBXFileReference; fileEncoding = 4; lastKnownFileType = sourcecode.c.objc; path = IQSegmentedNextPrevious.m; sourceTree = "<group>"; };
		85BE919B1F344927000D89B9 /* IQTextView.h */ = {isa = PBXFileReference; fileEncoding = 4; lastKnownFileType = sourcecode.c.h; path = IQTextView.h; sourceTree = "<group>"; };
		85BE919C1F344927000D89B9 /* IQTextView.m */ = {isa = PBXFileReference; fileEncoding = 4; lastKnownFileType = sourcecode.c.objc; path = IQTextView.m; sourceTree = "<group>"; };
		85BE919D1F344927000D89B9 /* IQTitleBarButtonItem.h */ = {isa = PBXFileReference; fileEncoding = 4; lastKnownFileType = sourcecode.c.h; path = IQTitleBarButtonItem.h; sourceTree = "<group>"; };
		85BE919E1F344927000D89B9 /* IQTitleBarButtonItem.m */ = {isa = PBXFileReference; fileEncoding = 4; lastKnownFileType = sourcecode.c.objc; path = IQTitleBarButtonItem.m; sourceTree = "<group>"; };
		85BE919F1F344927000D89B9 /* IQToolbar.h */ = {isa = PBXFileReference; fileEncoding = 4; lastKnownFileType = sourcecode.c.h; path = IQToolbar.h; sourceTree = "<group>"; };
		85BE91A01F344927000D89B9 /* IQToolbar.m */ = {isa = PBXFileReference; fileEncoding = 4; lastKnownFileType = sourcecode.c.objc; path = IQToolbar.m; sourceTree = "<group>"; };
		85BE91A11F344927000D89B9 /* KeyboardManager.h */ = {isa = PBXFileReference; fileEncoding = 4; lastKnownFileType = sourcecode.c.h; path = KeyboardManager.h; sourceTree = "<group>"; };
		85BE91A21F344927000D89B9 /* NSArray+Sort.h */ = {isa = PBXFileReference; fileEncoding = 4; lastKnownFileType = sourcecode.c.h; path = "NSArray+Sort.h"; sourceTree = "<group>"; };
		85BE91A31F344927000D89B9 /* NSArray+Sort.m */ = {isa = PBXFileReference; fileEncoding = 4; lastKnownFileType = sourcecode.c.objc; path = "NSArray+Sort.m"; sourceTree = "<group>"; };
		85BE91A41F344927000D89B9 /* UIView+Hierarchy.h */ = {isa = PBXFileReference; fileEncoding = 4; lastKnownFileType = sourcecode.c.h; path = "UIView+Hierarchy.h"; sourceTree = "<group>"; };
		85BE91A51F344927000D89B9 /* UIView+Hierarchy.m */ = {isa = PBXFileReference; fileEncoding = 4; lastKnownFileType = sourcecode.c.objc; path = "UIView+Hierarchy.m"; sourceTree = "<group>"; };
		85BE91A61F344927000D89B9 /* UIView+IQKeyboardToolbar.h */ = {isa = PBXFileReference; fileEncoding = 4; lastKnownFileType = sourcecode.c.h; path = "UIView+IQKeyboardToolbar.h"; sourceTree = "<group>"; };
		85BE91A71F344927000D89B9 /* UIView+IQKeyboardToolbar.m */ = {isa = PBXFileReference; fileEncoding = 4; lastKnownFileType = sourcecode.c.objc; path = "UIView+IQKeyboardToolbar.m"; sourceTree = "<group>"; };
		85BE91A81F344927000D89B9 /* UIWindow+Hierarchy.h */ = {isa = PBXFileReference; fileEncoding = 4; lastKnownFileType = sourcecode.c.h; path = "UIWindow+Hierarchy.h"; sourceTree = "<group>"; };
		85BE91A91F344927000D89B9 /* UIWindow+Hierarchy.m */ = {isa = PBXFileReference; fileEncoding = 4; lastKnownFileType = sourcecode.c.objc; path = "UIWindow+Hierarchy.m"; sourceTree = "<group>"; };
		85BE91B51F344953000D89B9 /* NSData+ImageContentType.h */ = {isa = PBXFileReference; fileEncoding = 4; lastKnownFileType = sourcecode.c.h; path = "NSData+ImageContentType.h"; sourceTree = "<group>"; };
		85BE91B61F344953000D89B9 /* NSData+ImageContentType.m */ = {isa = PBXFileReference; fileEncoding = 4; lastKnownFileType = sourcecode.c.objc; path = "NSData+ImageContentType.m"; sourceTree = "<group>"; };
		85BE91B71F344953000D89B9 /* SDImageCache.h */ = {isa = PBXFileReference; fileEncoding = 4; lastKnownFileType = sourcecode.c.h; path = SDImageCache.h; sourceTree = "<group>"; };
		85BE91B81F344953000D89B9 /* SDImageCache.m */ = {isa = PBXFileReference; fileEncoding = 4; lastKnownFileType = sourcecode.c.objc; path = SDImageCache.m; sourceTree = "<group>"; };
		85BE91B91F344953000D89B9 /* SDWebImageCompat.h */ = {isa = PBXFileReference; fileEncoding = 4; lastKnownFileType = sourcecode.c.h; path = SDWebImageCompat.h; sourceTree = "<group>"; };
		85BE91BA1F344953000D89B9 /* SDWebImageCompat.m */ = {isa = PBXFileReference; fileEncoding = 4; lastKnownFileType = sourcecode.c.objc; path = SDWebImageCompat.m; sourceTree = "<group>"; };
		85BE91BB1F344953000D89B9 /* SDWebImageDecoder.h */ = {isa = PBXFileReference; fileEncoding = 4; lastKnownFileType = sourcecode.c.h; path = SDWebImageDecoder.h; sourceTree = "<group>"; };
		85BE91BC1F344953000D89B9 /* SDWebImageDecoder.m */ = {isa = PBXFileReference; fileEncoding = 4; lastKnownFileType = sourcecode.c.objc; path = SDWebImageDecoder.m; sourceTree = "<group>"; };
		85BE91BD1F344953000D89B9 /* SDWebImageDownloader.h */ = {isa = PBXFileReference; fileEncoding = 4; lastKnownFileType = sourcecode.c.h; path = SDWebImageDownloader.h; sourceTree = "<group>"; };
		85BE91BE1F344953000D89B9 /* SDWebImageDownloader.m */ = {isa = PBXFileReference; fileEncoding = 4; lastKnownFileType = sourcecode.c.objc; path = SDWebImageDownloader.m; sourceTree = "<group>"; };
		85BE91BF1F344953000D89B9 /* SDWebImageDownloaderOperation.h */ = {isa = PBXFileReference; fileEncoding = 4; lastKnownFileType = sourcecode.c.h; path = SDWebImageDownloaderOperation.h; sourceTree = "<group>"; };
		85BE91C01F344953000D89B9 /* SDWebImageDownloaderOperation.m */ = {isa = PBXFileReference; fileEncoding = 4; lastKnownFileType = sourcecode.c.objc; path = SDWebImageDownloaderOperation.m; sourceTree = "<group>"; };
		85BE91C11F344953000D89B9 /* SDWebImageManager.h */ = {isa = PBXFileReference; fileEncoding = 4; lastKnownFileType = sourcecode.c.h; path = SDWebImageManager.h; sourceTree = "<group>"; };
		85BE91C21F344953000D89B9 /* SDWebImageManager.m */ = {isa = PBXFileReference; fileEncoding = 4; lastKnownFileType = sourcecode.c.objc; path = SDWebImageManager.m; sourceTree = "<group>"; };
		85BE91C31F344953000D89B9 /* SDWebImageOperation.h */ = {isa = PBXFileReference; fileEncoding = 4; lastKnownFileType = sourcecode.c.h; path = SDWebImageOperation.h; sourceTree = "<group>"; };
		85BE91C41F344953000D89B9 /* UIImage+GIF.h */ = {isa = PBXFileReference; fileEncoding = 4; lastKnownFileType = sourcecode.c.h; path = "UIImage+GIF.h"; sourceTree = "<group>"; };
		85BE91C51F344953000D89B9 /* UIImage+GIF.m */ = {isa = PBXFileReference; fileEncoding = 4; lastKnownFileType = sourcecode.c.objc; path = "UIImage+GIF.m"; sourceTree = "<group>"; };
		85BE91C61F344953000D89B9 /* UIImage+MultiFormat.h */ = {isa = PBXFileReference; fileEncoding = 4; lastKnownFileType = sourcecode.c.h; path = "UIImage+MultiFormat.h"; sourceTree = "<group>"; };
		85BE91C71F344953000D89B9 /* UIImage+MultiFormat.m */ = {isa = PBXFileReference; fileEncoding = 4; lastKnownFileType = sourcecode.c.objc; path = "UIImage+MultiFormat.m"; sourceTree = "<group>"; };
		85BE91C81F344953000D89B9 /* UIImageView+WebCache.h */ = {isa = PBXFileReference; fileEncoding = 4; lastKnownFileType = sourcecode.c.h; path = "UIImageView+WebCache.h"; sourceTree = "<group>"; };
		85BE91C91F344953000D89B9 /* UIImageView+WebCache.m */ = {isa = PBXFileReference; fileEncoding = 4; lastKnownFileType = sourcecode.c.objc; path = "UIImageView+WebCache.m"; sourceTree = "<group>"; };
		85BE91CA1F344953000D89B9 /* UIView+WebCacheOperation.h */ = {isa = PBXFileReference; fileEncoding = 4; lastKnownFileType = sourcecode.c.h; path = "UIView+WebCacheOperation.h"; sourceTree = "<group>"; };
		85BE91CB1F344953000D89B9 /* UIView+WebCacheOperation.m */ = {isa = PBXFileReference; fileEncoding = 4; lastKnownFileType = sourcecode.c.objc; path = "UIView+WebCacheOperation.m"; sourceTree = "<group>"; };
		85BE91D71F344984000D89B9 /* UIImageView+WebCache.h */ = {isa = PBXFileReference; fileEncoding = 4; lastKnownFileType = sourcecode.c.h; name = "UIImageView+WebCache.h"; path = "3rd/UIImageView+WebCache.h"; sourceTree = "<group>"; };
		85BE91D81F344984000D89B9 /* UIImageView+WebCache.m */ = {isa = PBXFileReference; fileEncoding = 4; lastKnownFileType = sourcecode.c.objc; name = "UIImageView+WebCache.m"; path = "3rd/UIImageView+WebCache.m"; sourceTree = "<group>"; };
		85EDDF301F3AA21B00943068 /* TestController.h */ = {isa = PBXFileReference; fileEncoding = 4; lastKnownFileType = sourcecode.c.h; path = TestController.h; sourceTree = "<group>"; };
		85EDDF311F3AA21B00943068 /* TestController.m */ = {isa = PBXFileReference; fileEncoding = 4; lastKnownFileType = sourcecode.c.objc; path = TestController.m; sourceTree = "<group>"; };
		85EDDF321F3AA21B00943068 /* TestController.xib */ = {isa = PBXFileReference; fileEncoding = 4; lastKnownFileType = file.xib; path = TestController.xib; sourceTree = "<group>"; };
/* End PBXFileReference section */

/* Begin PBXFrameworksBuildPhase section */
		85BE90DE1F331A97000D89B9 /* Frameworks */ = {
			isa = PBXFrameworksBuildPhase;
			buildActionMask = 2147483647;
			files = (
			);
			runOnlyForDeploymentPostprocessing = 0;
		};
		85BE90F71F331A97000D89B9 /* Frameworks */ = {
			isa = PBXFrameworksBuildPhase;
			buildActionMask = 2147483647;
			files = (
			);
			runOnlyForDeploymentPostprocessing = 0;
		};
		85BE91021F331A97000D89B9 /* Frameworks */ = {
			isa = PBXFrameworksBuildPhase;
			buildActionMask = 2147483647;
			files = (
			);
			runOnlyForDeploymentPostprocessing = 0;
		};
/* End PBXFrameworksBuildPhase section */

/* Begin PBXGroup section */
		85BE90D81F331A97000D89B9 = {
			isa = PBXGroup;
			children = (
				85BE90E31F331A97000D89B9 /* yuYongTool */,
				85BE90FD1F331A97000D89B9 /* yuYongToolTests */,
				85BE91081F331A97000D89B9 /* yuYongToolUITests */,
				85BE90E21F331A97000D89B9 /* Products */,
			);
			sourceTree = "<group>";
		};
		85BE90E21F331A97000D89B9 /* Products */ = {
			isa = PBXGroup;
			children = (
				85BE90E11F331A97000D89B9 /* yuYongTool.app */,
				85BE90FA1F331A97000D89B9 /* yuYongToolTests.xctest */,
				85BE91051F331A97000D89B9 /* yuYongToolUITests.xctest */,
			);
			name = Products;
			sourceTree = "<group>";
		};
		85BE90E31F331A97000D89B9 /* yuYongTool */ = {
			isa = PBXGroup;
			children = (
				85BE91921F344748000D89B9 /* 3rd */,
				85BE91701F3446E4000D89B9 /* IQKeyBoard */,
				85BE916C1F3321DE000D89B9 /* vc */,
				85BE91171F331AA9000D89B9 /* yuYongImagePicker */,
				85BE90E71F331A97000D89B9 /* AppDelegate.h */,
				85BE90E81F331A97000D89B9 /* AppDelegate.m */,
				85BE90EA1F331A97000D89B9 /* ViewController.h */,
				85BE90EB1F331A97000D89B9 /* ViewController.m */,
				85BE90ED1F331A97000D89B9 /* Main.storyboard */,
				85BE90F01F331A97000D89B9 /* Assets.xcassets */,
				85BE90F21F331A97000D89B9 /* LaunchScreen.storyboard */,
				85BE90F51F331A97000D89B9 /* Info.plist */,
				85BE90E41F331A97000D89B9 /* Supporting Files */,
			);
			path = yuYongTool;
			sourceTree = "<group>";
		};
		85BE90E41F331A97000D89B9 /* Supporting Files */ = {
			isa = PBXGroup;
			children = (
				85BE90E51F331A97000D89B9 /* main.m */,
			);
			name = "Supporting Files";
			sourceTree = "<group>";
		};
		85BE90FD1F331A97000D89B9 /* yuYongToolTests */ = {
			isa = PBXGroup;
			children = (
				85BE90FE1F331A97000D89B9 /* yuYongToolTests.m */,
				85BE91001F331A97000D89B9 /* Info.plist */,
			);
			path = yuYongToolTests;
			sourceTree = "<group>";
		};
		85BE91081F331A97000D89B9 /* yuYongToolUITests */ = {
			isa = PBXGroup;
			children = (
				85BE91091F331A97000D89B9 /* yuYongToolUITests.m */,
				85BE910B1F331A97000D89B9 /* Info.plist */,
			);
			path = yuYongToolUITests;
			sourceTree = "<group>";
		};
		85BE91171F331AA9000D89B9 /* yuYongImagePicker */ = {
			isa = PBXGroup;
			children = (
				85BE91181F331AA9000D89B9 /* JFImagePickerController */,
				85BE91291F331AA9000D89B9 /* PhotoSelectViewController.h */,
				85BE912A1F331AA9000D89B9 /* PhotoSelectViewController.m */,
				85BE912B1F331AA9000D89B9 /* WSImagebroswerVC */,
				85BE91341F331AA9000D89B9 /* WSImagePickerView.h */,
				85BE91351F331AA9000D89B9 /* WSImagePickerView.m */,
			);
			path = yuYongImagePicker;
			sourceTree = "<group>";
		};
		85BE91181F331AA9000D89B9 /* JFImagePickerController */ = {
			isa = PBXGroup;
			children = (
				85BE91191F331AA9000D89B9 /* JFAssetHelper.h */,
				85BE911A1F331AA9000D89B9 /* JFAssetHelper.m */,
				85BE911B1F331AA9000D89B9 /* JFImageCollectionViewController.h */,
				85BE911C1F331AA9000D89B9 /* JFImageCollectionViewController.m */,
				85BE911D1F331AA9000D89B9 /* JFImageGroupTableViewController.h */,
				85BE911E1F331AA9000D89B9 /* JFImageGroupTableViewController.m */,
				85BE911F1F331AA9000D89B9 /* JFImageManager.h */,
				85BE91201F331AA9000D89B9 /* JFImageManager.m */,
				85BE91211F331AA9000D89B9 /* JFImagePickerController.h */,
				85BE91221F331AA9000D89B9 /* JFImagePickerController.m */,
				85BE91231F331AA9000D89B9 /* JFImagePickerViewCell.h */,
				85BE91241F331AA9000D89B9 /* JFImagePickerViewCell.m */,
				85BE91251F331AA9000D89B9 /* JFPhotoBrowserViewController.h */,
				85BE91261F331AA9000D89B9 /* JFPhotoBrowserViewController.m */,
				85BE91271F331AA9000D89B9 /* JFPhotoView.h */,
				85BE91281F331AA9000D89B9 /* JFPhotoView.m */,
			);
			path = JFImagePickerController;
			sourceTree = "<group>";
		};
		85BE912B1F331AA9000D89B9 /* WSImagebroswerVC */ = {
			isa = PBXGroup;
			children = (
				85BE912C1F331AA9000D89B9 /* WSImageBroserCell.h */,
				85BE912D1F331AA9000D89B9 /* WSImageBroserCell.m */,
				85BE912E1F331AA9000D89B9 /* WSImageBroswerVC.h */,
				85BE912F1F331AA9000D89B9 /* WSImageBroswerVC.m */,
				85BE91301F331AA9000D89B9 /* WSImageModel.h */,
				85BE91311F331AA9000D89B9 /* WSImageModel.m */,
				85BE91321F331AA9000D89B9 /* WSPhotosBroseVC.h */,
				85BE91331F331AA9000D89B9 /* WSPhotosBroseVC.m */,
			);
			path = WSImagebroswerVC;
			sourceTree = "<group>";
		};
		85BE916C1F3321DE000D89B9 /* vc */ = {
			isa = PBXGroup;
			children = (
				85EDDF301F3AA21B00943068 /* TestController.h */,
				85EDDF311F3AA21B00943068 /* TestController.m */,
				85EDDF321F3AA21B00943068 /* TestController.xib */,
				85BE916D1F3321F4000D89B9 /* WWViewController.h */,
				85BE916E1F3321F4000D89B9 /* WWViewController.m */,
			);
			name = vc;
			sourceTree = "<group>";
		};
		85BE91701F3446E4000D89B9 /* IQKeyBoard */ = {
			isa = PBXGroup;
			children = (
				85BE91931F344927000D89B9 /* IQKeyBoardManager */,
			);
			name = IQKeyBoard;
			sourceTree = "<group>";
		};
		85BE91921F344748000D89B9 /* 3rd */ = {
			isa = PBXGroup;
			children = (
				85BE91B41F344953000D89B9 /* SDWebImage */,
				85BE91D71F344984000D89B9 /* UIImageView+WebCache.h */,
				85BE91D81F344984000D89B9 /* UIImageView+WebCache.m */,
			);
			name = 3rd;
			sourceTree = "<group>";
		};
		85BE91931F344927000D89B9 /* IQKeyBoardManager */ = {
			isa = PBXGroup;
			children = (
				85BE91941F344927000D89B9 /* IQKeyboardManager.bundle */,
				85BE91951F344927000D89B9 /* IQKeyboardManager.h */,
				85BE91961F344927000D89B9 /* IQKeyboardManager.m */,
				85BE91971F344927000D89B9 /* IQKeyboardManagerConstants.h */,
				85BE91981F344927000D89B9 /* IQKeyboardManagerConstantsInternal.h */,
				85BE91991F344927000D89B9 /* IQSegmentedNextPrevious.h */,
				85BE919A1F344927000D89B9 /* IQSegmentedNextPrevious.m */,
				85BE919B1F344927000D89B9 /* IQTextView.h */,
				85BE919C1F344927000D89B9 /* IQTextView.m */,
				85BE919D1F344927000D89B9 /* IQTitleBarButtonItem.h */,
				85BE919E1F344927000D89B9 /* IQTitleBarButtonItem.m */,
				85BE919F1F344927000D89B9 /* IQToolbar.h */,
				85BE91A01F344927000D89B9 /* IQToolbar.m */,
				85BE91A11F344927000D89B9 /* KeyboardManager.h */,
				85BE91A21F344927000D89B9 /* NSArray+Sort.h */,
				85BE91A31F344927000D89B9 /* NSArray+Sort.m */,
				85BE91A41F344927000D89B9 /* UIView+Hierarchy.h */,
				85BE91A51F344927000D89B9 /* UIView+Hierarchy.m */,
				85BE91A61F344927000D89B9 /* UIView+IQKeyboardToolbar.h */,
				85BE91A71F344927000D89B9 /* UIView+IQKeyboardToolbar.m */,
				85BE91A81F344927000D89B9 /* UIWindow+Hierarchy.h */,
				85BE91A91F344927000D89B9 /* UIWindow+Hierarchy.m */,
			);
			name = IQKeyBoardManager;
			path = IQKeyBoard/IQKeyBoardManager;
			sourceTree = "<group>";
		};
		85BE91B41F344953000D89B9 /* SDWebImage */ = {
			isa = PBXGroup;
			children = (
				85BE91B51F344953000D89B9 /* NSData+ImageContentType.h */,
				85BE91B61F344953000D89B9 /* NSData+ImageContentType.m */,
				85BE91B71F344953000D89B9 /* SDImageCache.h */,
				85BE91B81F344953000D89B9 /* SDImageCache.m */,
				85BE91B91F344953000D89B9 /* SDWebImageCompat.h */,
				85BE91BA1F344953000D89B9 /* SDWebImageCompat.m */,
				85BE91BB1F344953000D89B9 /* SDWebImageDecoder.h */,
				85BE91BC1F344953000D89B9 /* SDWebImageDecoder.m */,
				85BE91BD1F344953000D89B9 /* SDWebImageDownloader.h */,
				85BE91BE1F344953000D89B9 /* SDWebImageDownloader.m */,
				85BE91BF1F344953000D89B9 /* SDWebImageDownloaderOperation.h */,
				85BE91C01F344953000D89B9 /* SDWebImageDownloaderOperation.m */,
				85BE91C11F344953000D89B9 /* SDWebImageManager.h */,
				85BE91C21F344953000D89B9 /* SDWebImageManager.m */,
				85BE91C31F344953000D89B9 /* SDWebImageOperation.h */,
				85BE91C41F344953000D89B9 /* UIImage+GIF.h */,
				85BE91C51F344953000D89B9 /* UIImage+GIF.m */,
				85BE91C61F344953000D89B9 /* UIImage+MultiFormat.h */,
				85BE91C71F344953000D89B9 /* UIImage+MultiFormat.m */,
				85BE91C81F344953000D89B9 /* UIImageView+WebCache.h */,
				85BE91C91F344953000D89B9 /* UIImageView+WebCache.m */,
				85BE91CA1F344953000D89B9 /* UIView+WebCacheOperation.h */,
				85BE91CB1F344953000D89B9 /* UIView+WebCacheOperation.m */,
			);
			name = SDWebImage;
			path = 3rd/SDWebImage;
			sourceTree = "<group>";
		};
/* End PBXGroup section */

/* Begin PBXNativeTarget section */
		85BE90E01F331A97000D89B9 /* yuYongTool */ = {
			isa = PBXNativeTarget;
			buildConfigurationList = 85BE910E1F331A97000D89B9 /* Build configuration list for PBXNativeTarget "yuYongTool" */;
			buildPhases = (
				85BE90DD1F331A97000D89B9 /* Sources */,
				85BE90DE1F331A97000D89B9 /* Frameworks */,
				85BE90DF1F331A97000D89B9 /* Resources */,
			);
			buildRules = (
			);
			dependencies = (
			);
			name = yuYongTool;
			productName = yuYongTool;
			productReference = 85BE90E11F331A97000D89B9 /* yuYongTool.app */;
			productType = "com.apple.product-type.application";
		};
		85BE90F91F331A97000D89B9 /* yuYongToolTests */ = {
			isa = PBXNativeTarget;
			buildConfigurationList = 85BE91111F331A97000D89B9 /* Build configuration list for PBXNativeTarget "yuYongToolTests" */;
			buildPhases = (
				85BE90F61F331A97000D89B9 /* Sources */,
				85BE90F71F331A97000D89B9 /* Frameworks */,
				85BE90F81F331A97000D89B9 /* Resources */,
			);
			buildRules = (
			);
			dependencies = (
				85BE90FC1F331A97000D89B9 /* PBXTargetDependency */,
			);
			name = yuYongToolTests;
			productName = yuYongToolTests;
			productReference = 85BE90FA1F331A97000D89B9 /* yuYongToolTests.xctest */;
			productType = "com.apple.product-type.bundle.unit-test";
		};
		85BE91041F331A97000D89B9 /* yuYongToolUITests */ = {
			isa = PBXNativeTarget;
			buildConfigurationList = 85BE91141F331A97000D89B9 /* Build configuration list for PBXNativeTarget "yuYongToolUITests" */;
			buildPhases = (
				85BE91011F331A97000D89B9 /* Sources */,
				85BE91021F331A97000D89B9 /* Frameworks */,
				85BE91031F331A97000D89B9 /* Resources */,
			);
			buildRules = (
			);
			dependencies = (
				85BE91071F331A97000D89B9 /* PBXTargetDependency */,
			);
			name = yuYongToolUITests;
			productName = yuYongToolUITests;
			productReference = 85BE91051F331A97000D89B9 /* yuYongToolUITests.xctest */;
			productType = "com.apple.product-type.bundle.ui-testing";
		};
/* End PBXNativeTarget section */

/* Begin PBXProject section */
		85BE90D91F331A97000D89B9 /* Project object */ = {
			isa = PBXProject;
			attributes = {
				LastUpgradeCheck = 0830;
				ORGANIZATIONNAME = heshanwangluo;
				TargetAttributes = {
					85BE90E01F331A97000D89B9 = {
						CreatedOnToolsVersion = 8.3.3;
						DevelopmentTeam = 3MWRN2CT4P;
						ProvisioningStyle = Automatic;
					};
					85BE90F91F331A97000D89B9 = {
						CreatedOnToolsVersion = 8.3.3;
						ProvisioningStyle = Automatic;
						TestTargetID = 85BE90E01F331A97000D89B9;
					};
					85BE91041F331A97000D89B9 = {
						CreatedOnToolsVersion = 8.3.3;
						ProvisioningStyle = Automatic;
						TestTargetID = 85BE90E01F331A97000D89B9;
					};
				};
			};
			buildConfigurationList = 85BE90DC1F331A97000D89B9 /* Build configuration list for PBXProject "yuYongTool" */;
			compatibilityVersion = "Xcode 3.2";
			developmentRegion = English;
			hasScannedForEncodings = 0;
			knownRegions = (
				en,
				Base,
			);
			mainGroup = 85BE90D81F331A97000D89B9;
			productRefGroup = 85BE90E21F331A97000D89B9 /* Products */;
			projectDirPath = "";
			projectRoot = "";
			targets = (
				85BE90E01F331A97000D89B9 /* yuYongTool */,
				85BE90F91F331A97000D89B9 /* yuYongToolTests */,
				85BE91041F331A97000D89B9 /* yuYongToolUITests */,
			);
		};
/* End PBXProject section */

/* Begin PBXResourcesBuildPhase section */
		85BE90DF1F331A97000D89B9 /* Resources */ = {
			isa = PBXResourcesBuildPhase;
			buildActionMask = 2147483647;
			files = (
				85BE90F41F331A97000D89B9 /* LaunchScreen.storyboard in Resources */,
				85EDDF341F3AA21B00943068 /* TestController.xib in Resources */,
				85BE90F11F331A97000D89B9 /* Assets.xcassets in Resources */,
				85BE91AA1F344927000D89B9 /* IQKeyboardManager.bundle in Resources */,
				85BE90EF1F331A97000D89B9 /* Main.storyboard in Resources */,
			);
			runOnlyForDeploymentPostprocessing = 0;
		};
		85BE90F81F331A97000D89B9 /* Resources */ = {
			isa = PBXResourcesBuildPhase;
			buildActionMask = 2147483647;
			files = (
			);
			runOnlyForDeploymentPostprocessing = 0;
		};
		85BE91031F331A97000D89B9 /* Resources */ = {
			isa = PBXResourcesBuildPhase;
			buildActionMask = 2147483647;
			files = (
			);
			runOnlyForDeploymentPostprocessing = 0;
		};
/* End PBXResourcesBuildPhase section */

/* Begin PBXSourcesBuildPhase section */
		85BE90DD1F331A97000D89B9 /* Sources */ = {
			isa = PBXSourcesBuildPhase;
			buildActionMask = 2147483647;
			files = (
				85BE91B01F344927000D89B9 /* NSArray+Sort.m in Sources */,
				85BE91D61F344953000D89B9 /* UIView+WebCacheOperation.m in Sources */,
				85BE91D91F344984000D89B9 /* UIImageView+WebCache.m in Sources */,
				85BE90EC1F331A97000D89B9 /* ViewController.m in Sources */,
				85BE913A1F331AA9000D89B9 /* JFImagePickerController.m in Sources */,
				85BE91B21F344927000D89B9 /* UIView+IQKeyboardToolbar.m in Sources */,
				85BE913C1F331AA9000D89B9 /* JFPhotoBrowserViewController.m in Sources */,
				85BE91401F331AA9000D89B9 /* WSImageBroswerVC.m in Sources */,
				85BE91B31F344927000D89B9 /* UIWindow+Hierarchy.m in Sources */,
				85BE91AC1F344927000D89B9 /* IQSegmentedNextPrevious.m in Sources */,
				85BE91D11F344953000D89B9 /* SDWebImageDownloaderOperation.m in Sources */,
				85BE90E91F331A97000D89B9 /* AppDelegate.m in Sources */,
				85BE91D51F344953000D89B9 /* UIImageView+WebCache.m in Sources */,
				85BE91AB1F344927000D89B9 /* IQKeyboardManager.m in Sources */,
				85BE91361F331AA9000D89B9 /* JFAssetHelper.m in Sources */,
				85BE91AE1F344927000D89B9 /* IQTitleBarButtonItem.m in Sources */,
				85BE91391F331AA9000D89B9 /* JFImageManager.m in Sources */,
				85BE91431F331AA9000D89B9 /* WSImagePickerView.m in Sources */,
				85BE91421F331AA9000D89B9 /* WSPhotosBroseVC.m in Sources */,
				85BE91381F331AA9000D89B9 /* JFImageGroupTableViewController.m in Sources */,
				85BE913D1F331AA9000D89B9 /* JFPhotoView.m in Sources */,
				85BE91D31F344953000D89B9 /* UIImage+GIF.m in Sources */,
				85BE916F1F3321F4000D89B9 /* WWViewController.m in Sources */,
				85BE90E61F331A97000D89B9 /* main.m in Sources */,
				85BE91CD1F344953000D89B9 /* SDImageCache.m in Sources */,
				85BE91D41F344953000D89B9 /* UIImage+MultiFormat.m in Sources */,
				85BE913F1F331AA9000D89B9 /* WSImageBroserCell.m in Sources */,
				85BE91D21F344953000D89B9 /* SDWebImageManager.m in Sources */,
				85BE91371F331AA9000D89B9 /* JFImageCollectionViewController.m in Sources */,
				85BE91411F331AA9000D89B9 /* WSImageModel.m in Sources */,
				85BE91B11F344927000D89B9 /* UIView+Hierarchy.m in Sources */,
				85BE91D01F344953000D89B9 /* SDWebImageDownloader.m in Sources */,
				85BE913B1F331AA9000D89B9 /* JFImagePickerViewCell.m in Sources */,
				85BE913E1F331AA9000D89B9 /* PhotoSelectViewController.m in Sources */,
				85BE91AF1F344927000D89B9 /* IQToolbar.m in Sources */,
				85BE91CF1F344953000D89B9 /* SDWebImageDecoder.m in Sources */,
				85BE91CE1F344953000D89B9 /* SDWebImageCompat.m in Sources */,
				85BE91CC1F344953000D89B9 /* NSData+ImageContentType.m in Sources */,
				85BE91AD1F344927000D89B9 /* IQTextView.m in Sources */,
				85EDDF331F3AA21B00943068 /* TestController.m in Sources */,
			);
			runOnlyForDeploymentPostprocessing = 0;
		};
		85BE90F61F331A97000D89B9 /* Sources */ = {
			isa = PBXSourcesBuildPhase;
			buildActionMask = 2147483647;
			files = (
				85BE90FF1F331A97000D89B9 /* yuYongToolTests.m in Sources */,
			);
			runOnlyForDeploymentPostprocessing = 0;
		};
		85BE91011F331A97000D89B9 /* Sources */ = {
			isa = PBXSourcesBuildPhase;
			buildActionMask = 2147483647;
			files = (
				85BE910A1F331A97000D89B9 /* yuYongToolUITests.m in Sources */,
			);
			runOnlyForDeploymentPostprocessing = 0;
		};
/* End PBXSourcesBuildPhase section */

/* Begin PBXTargetDependency section */
		85BE90FC1F331A97000D89B9 /* PBXTargetDependency */ = {
			isa = PBXTargetDependency;
			target = 85BE90E01F331A97000D89B9 /* yuYongTool */;
			targetProxy = 85BE90FB1F331A97000D89B9 /* PBXContainerItemProxy */;
		};
		85BE91071F331A97000D89B9 /* PBXTargetDependency */ = {
			isa = PBXTargetDependency;
			target = 85BE90E01F331A97000D89B9 /* yuYongTool */;
			targetProxy = 85BE91061F331A97000D89B9 /* PBXContainerItemProxy */;
		};
/* End PBXTargetDependency section */

/* Begin PBXVariantGroup section */
		85BE90ED1F331A97000D89B9 /* Main.storyboard */ = {
			isa = PBXVariantGroup;
			children = (
				85BE90EE1F331A97000D89B9 /* Base */,
			);
			name = Main.storyboard;
			sourceTree = "<group>";
		};
		85BE90F21F331A97000D89B9 /* LaunchScreen.storyboard */ = {
			isa = PBXVariantGroup;
			children = (
				85BE90F31F331A97000D89B9 /* Base */,
			);
			name = LaunchScreen.storyboard;
			sourceTree = "<group>";
		};
/* End PBXVariantGroup section */

/* Begin XCBuildConfiguration section */
		85BE910C1F331A97000D89B9 /* Debug */ = {
			isa = XCBuildConfiguration;
			buildSettings = {
				ALWAYS_SEARCH_USER_PATHS = NO;
				CLANG_ANALYZER_NONNULL = YES;
				CLANG_ANALYZER_NUMBER_OBJECT_CONVERSION = YES_AGGRESSIVE;
				CLANG_CXX_LANGUAGE_STANDARD = "gnu++0x";
				CLANG_CXX_LIBRARY = "libc++";
				CLANG_ENABLE_MODULES = YES;
				CLANG_ENABLE_OBJC_ARC = YES;
				CLANG_WARN_BOOL_CONVERSION = YES;
				CLANG_WARN_CONSTANT_CONVERSION = YES;
				CLANG_WARN_DIRECT_OBJC_ISA_USAGE = YES_ERROR;
				CLANG_WARN_DOCUMENTATION_COMMENTS = YES;
				CLANG_WARN_EMPTY_BODY = YES;
				CLANG_WARN_ENUM_CONVERSION = YES;
				CLANG_WARN_INFINITE_RECURSION = YES;
				CLANG_WARN_INT_CONVERSION = YES;
				CLANG_WARN_OBJC_ROOT_CLASS = YES_ERROR;
				CLANG_WARN_SUSPICIOUS_MOVE = YES;
				CLANG_WARN_UNREACHABLE_CODE = YES;
				CLANG_WARN__DUPLICATE_METHOD_MATCH = YES;
				"CODE_SIGN_IDENTITY[sdk=iphoneos*]" = "iPhone Developer";
				COPY_PHASE_STRIP = NO;
				DEBUG_INFORMATION_FORMAT = dwarf;
				ENABLE_STRICT_OBJC_MSGSEND = YES;
				ENABLE_TESTABILITY = YES;
				GCC_C_LANGUAGE_STANDARD = gnu99;
				GCC_DYNAMIC_NO_PIC = NO;
				GCC_NO_COMMON_BLOCKS = YES;
				GCC_OPTIMIZATION_LEVEL = 0;
				GCC_PREPROCESSOR_DEFINITIONS = (
					"DEBUG=1",
					"$(inherited)",
				);
				GCC_WARN_64_TO_32_BIT_CONVERSION = YES;
				GCC_WARN_ABOUT_RETURN_TYPE = YES_ERROR;
				GCC_WARN_UNDECLARED_SELECTOR = YES;
				GCC_WARN_UNINITIALIZED_AUTOS = YES_AGGRESSIVE;
				GCC_WARN_UNUSED_FUNCTION = YES;
				GCC_WARN_UNUSED_VARIABLE = YES;
				IPHONEOS_DEPLOYMENT_TARGET = 10.3;
				MTL_ENABLE_DEBUG_INFO = YES;
				ONLY_ACTIVE_ARCH = YES;
				SDKROOT = iphoneos;
				TARGETED_DEVICE_FAMILY = "1,2";
			};
			name = Debug;
		};
		85BE910D1F331A97000D89B9 /* Release */ = {
			isa = XCBuildConfiguration;
			buildSettings = {
				ALWAYS_SEARCH_USER_PATHS = NO;
				CLANG_ANALYZER_NONNULL = YES;
				CLANG_ANALYZER_NUMBER_OBJECT_CONVERSION = YES_AGGRESSIVE;
				CLANG_CXX_LANGUAGE_STANDARD = "gnu++0x";
				CLANG_CXX_LIBRARY = "libc++";
				CLANG_ENABLE_MODULES = YES;
				CLANG_ENABLE_OBJC_ARC = YES;
				CLANG_WARN_BOOL_CONVERSION = YES;
				CLANG_WARN_CONSTANT_CONVERSION = YES;
				CLANG_WARN_DIRECT_OBJC_ISA_USAGE = YES_ERROR;
				CLANG_WARN_DOCUMENTATION_COMMENTS = YES;
				CLANG_WARN_EMPTY_BODY = YES;
				CLANG_WARN_ENUM_CONVERSION = YES;
				CLANG_WARN_INFINITE_RECURSION = YES;
				CLANG_WARN_INT_CONVERSION = YES;
				CLANG_WARN_OBJC_ROOT_CLASS = YES_ERROR;
				CLANG_WARN_SUSPICIOUS_MOVE = YES;
				CLANG_WARN_UNREACHABLE_CODE = YES;
				CLANG_WARN__DUPLICATE_METHOD_MATCH = YES;
				"CODE_SIGN_IDENTITY[sdk=iphoneos*]" = "iPhone Developer";
				COPY_PHASE_STRIP = NO;
				DEBUG_INFORMATION_FORMAT = "dwarf-with-dsym";
				ENABLE_NS_ASSERTIONS = NO;
				ENABLE_STRICT_OBJC_MSGSEND = YES;
				GCC_C_LANGUAGE_STANDARD = gnu99;
				GCC_NO_COMMON_BLOCKS = YES;
				GCC_WARN_64_TO_32_BIT_CONVERSION = YES;
				GCC_WARN_ABOUT_RETURN_TYPE = YES_ERROR;
				GCC_WARN_UNDECLARED_SELECTOR = YES;
				GCC_WARN_UNINITIALIZED_AUTOS = YES_AGGRESSIVE;
				GCC_WARN_UNUSED_FUNCTION = YES;
				GCC_WARN_UNUSED_VARIABLE = YES;
				IPHONEOS_DEPLOYMENT_TARGET = 10.3;
				MTL_ENABLE_DEBUG_INFO = NO;
				SDKROOT = iphoneos;
				TARGETED_DEVICE_FAMILY = "1,2";
				VALIDATE_PRODUCT = YES;
			};
			name = Release;
		};
		85BE910F1F331A97000D89B9 /* Debug */ = {
			isa = XCBuildConfiguration;
			buildSettings = {
				ASSETCATALOG_COMPILER_APPICON_NAME = AppIcon;
				DEVELOPMENT_TEAM = 3MWRN2CT4P;
				INFOPLIST_FILE = yuYongTool/Info.plist;
				IPHONEOS_DEPLOYMENT_TARGET = 8.0;
				LD_RUNPATH_SEARCH_PATHS = "$(inherited) @executable_path/Frameworks";
				PRODUCT_BUNDLE_IDENTIFIER = d.yuYongTool;
				PRODUCT_NAME = "$(TARGET_NAME)";
			};
			name = Debug;
		};
		85BE91101F331A97000D89B9 /* Release */ = {
			isa = XCBuildConfiguration;
			buildSettings = {
				ASSETCATALOG_COMPILER_APPICON_NAME = AppIcon;
				DEVELOPMENT_TEAM = 3MWRN2CT4P;
				INFOPLIST_FILE = yuYongTool/Info.plist;
				IPHONEOS_DEPLOYMENT_TARGET = 8.0;
				LD_RUNPATH_SEARCH_PATHS = "$(inherited) @executable_path/Frameworks";
				PRODUCT_BUNDLE_IDENTIFIER = d.yuYongTool;
				PRODUCT_NAME = "$(TARGET_NAME)";
			};
			name = Release;
		};
		85BE91121F331A97000D89B9 /* Debug */ = {
			isa = XCBuildConfiguration;
			buildSettings = {
				BUNDLE_LOADER = "$(TEST_HOST)";
				INFOPLIST_FILE = yuYongToolTests/Info.plist;
				LD_RUNPATH_SEARCH_PATHS = "$(inherited) @executable_path/Frameworks @loader_path/Frameworks";
				PRODUCT_BUNDLE_IDENTIFIER = d.yuYongToolTests;
				PRODUCT_NAME = "$(TARGET_NAME)";
				TEST_HOST = "$(BUILT_PRODUCTS_DIR)/yuYongTool.app/yuYongTool";
			};
			name = Debug;
		};
		85BE91131F331A97000D89B9 /* Release */ = {
			isa = XCBuildConfiguration;
			buildSettings = {
				BUNDLE_LOADER = "$(TEST_HOST)";
				INFOPLIST_FILE = yuYongToolTests/Info.plist;
				LD_RUNPATH_SEARCH_PATHS = "$(inherited) @executable_path/Frameworks @loader_path/Frameworks";
				PRODUCT_BUNDLE_IDENTIFIER = d.yuYongToolTests;
				PRODUCT_NAME = "$(TARGET_NAME)";
				TEST_HOST = "$(BUILT_PRODUCTS_DIR)/yuYongTool.app/yuYongTool";
			};
			name = Release;
		};
		85BE91151F331A97000D89B9 /* Debug */ = {
			isa = XCBuildConfiguration;
			buildSettings = {
				INFOPLIST_FILE = yuYongToolUITests/Info.plist;
				LD_RUNPATH_SEARCH_PATHS = "$(inherited) @executable_path/Frameworks @loader_path/Frameworks";
				PRODUCT_BUNDLE_IDENTIFIER = d.yuYongToolUITests;
				PRODUCT_NAME = "$(TARGET_NAME)";
				TEST_TARGET_NAME = yuYongTool;
			};
			name = Debug;
		};
		85BE91161F331A97000D89B9 /* Release */ = {
			isa = XCBuildConfiguration;
			buildSettings = {
				INFOPLIST_FILE = yuYongToolUITests/Info.plist;
				LD_RUNPATH_SEARCH_PATHS = "$(inherited) @executable_path/Frameworks @loader_path/Frameworks";
				PRODUCT_BUNDLE_IDENTIFIER = d.yuYongToolUITests;
				PRODUCT_NAME = "$(TARGET_NAME)";
				TEST_TARGET_NAME = yuYongTool;
			};
			name = Release;
		};
/* End XCBuildConfiguration section */

/* Begin XCConfigurationList section */
		85BE90DC1F331A97000D89B9 /* Build configuration list for PBXProject "yuYongTool" */ = {
			isa = XCConfigurationList;
			buildConfigurations = (
				85BE910C1F331A97000D89B9 /* Debug */,
				85BE910D1F331A97000D89B9 /* Release */,
			);
			defaultConfigurationIsVisible = 0;
			defaultConfigurationName = Release;
		};
		85BE910E1F331A97000D89B9 /* Build configuration list for PBXNativeTarget "yuYongTool" */ = {
			isa = XCConfigurationList;
			buildConfigurations = (
				85BE910F1F331A97000D89B9 /* Debug */,
				85BE91101F331A97000D89B9 /* Release */,
			);
			defaultConfigurationIsVisible = 0;
			defaultConfigurationName = Release;
		};
		85BE91111F331A97000D89B9 /* Build configuration list for PBXNativeTarget "yuYongToolTests" */ = {
			isa = XCConfigurationList;
			buildConfigurations = (
				85BE91121F331A97000D89B9 /* Debug */,
				85BE91131F331A97000D89B9 /* Release */,
			);
			defaultConfigurationIsVisible = 0;
			defaultConfigurationName = Release;
		};
		85BE91141F331A97000D89B9 /* Build configuration list for PBXNativeTarget "yuYongToolUITests" */ = {
			isa = XCConfigurationList;
			buildConfigurations = (
				85BE91151F331A97000D89B9 /* Debug */,
				85BE91161F331A97000D89B9 /* Release */,
			);
			defaultConfigurationIsVisible = 0;
			defaultConfigurationName = Release;
		};
/* End XCConfigurationList section */
	};
	rootObject = 85BE90D91F331A97000D89B9 /* Project object */;
}
